
Microsoft Visual Studio Solution File, Format Version 12.00
# Visual Studio 15
VisualStudioVersion = 15.0.28307.136
MinimumVisualStudioVersion = 10.0.40219.1
Project("{9A19103F-16F7-4668-BE54-9A1E7A4F7556}") = "Pact.Consumer.MVC", "Pact.Consumer.MVC\Pact.Consumer.MVC.csproj", "{FC3DB37C-AAB0-4501-AE67-0F9056A4371F}"
EndProject
Project("{FAE04EC0-301F-11D3-BF4B-00C04F79EFBC}") = "Pact.Consumer.MVC.PactTests", "Pact.Consumer.MVC.PactTests\Pact.Consumer.MVC.PactTests.csproj", "{A39EC7FF-4888-426B-B14B-B2FB7CAD4B66}"
EndProject
Global
	GlobalSection(SolutionConfigurationPlatforms) = preSolution
		Debug|Any CPU = Debug|Any CPU
		Release|Any CPU = Release|Any CPU
	EndGlobalSection
	GlobalSection(ProjectConfigurationPlatforms) = postSolution
		{FC3DB37C-AAB0-4501-AE67-0F9056A4371F}.Debug|Any CPU.ActiveCfg = Debug|Any CPU
		{FC3DB37C-AAB0-4501-AE67-0F9056A4371F}.Debug|Any CPU.Build.0 = Debug|Any CPU
		{FC3DB37C-AAB0-4501-AE67-0F9056A4371F}.Release|Any CPU.ActiveCfg = Release|Any CPU
		{FC3DB37C-AAB0-4501-AE67-0F9056A4371F}.Release|Any CPU.Build.0 = Release|Any CPU
		{A39EC7FF-4888-426B-B14B-B2FB7CAD4B66}.Debug|Any CPU.ActiveCfg = Debug|Any CPU
		{A39EC7FF-4888-426B-B14B-B2FB7CAD4B66}.Debug|Any CPU.Build.0 = Debug|Any CPU
		{A39EC7FF-4888-426B-B14B-B2FB7CAD4B66}.Release|Any CPU.ActiveCfg = Release|Any CPU
		{A39EC7FF-4888-426B-B14B-B2FB7CAD4B66}.Release|Any CPU.Build.0 = Release|Any CPU
	EndGlobalSection
	GlobalSection(SolutionProperties) = preSolution
		HideSolutionNode = FALSE
	EndGlobalSection
	GlobalSection(ExtensibilityGlobals) = postSolution
		SolutionGuid = {4CF66A53-432D-431C-BE4A-40CDFF982412}
	EndGlobalSection
EndGlobal
