
Microsoft Visual Studio Solution File, Format Version 12.00
# Visual Studio Version 17
VisualStudioVersion = 17.10.35027.167
MinimumVisualStudioVersion = 10.0.40219.1
Project("{9A19103F-16F7-4668-BE54-9A1E7A4F7556}") = "Pact.Provider.Api", "Pact.Provider.Api\Pact.Provider.Api.csproj", "{9893C879-F5AC-47A6-AC1A-AC2B5DCB7936}"
EndProject
Project("{9A19103F-16F7-4668-BE54-9A1E7A4F7556}") = "Pact.Provider.PactProviderTests", "Pact.Provider.PactProviderTests\Pact.Provider.PactProviderTests.csproj", "{257303DC-905F-4826-A7E1-4BD24ABA41EB}"
EndProject
Global
	GlobalSection(SolutionConfigurationPlatforms) = preSolution
		Debug|Any CPU = Debug|Any CPU
		Debug|x64 = Debug|x64
		Release|Any CPU = Release|Any CPU
		Release|x64 = Release|x64
	EndGlobalSection
	GlobalSection(ProjectConfigurationPlatforms) = postSolution
		{9893C879-F5AC-47A6-AC1A-AC2B5DCB7936}.Debug|Any CPU.ActiveCfg = Debug|Any CPU
		{9893C879-F5AC-47A6-AC1A-AC2B5DCB7936}.Debug|Any CPU.Build.0 = Debug|Any CPU
		{9893C879-F5AC-47A6-AC1A-AC2B5DCB7936}.Debug|x64.ActiveCfg = Debug|Any CPU
		{9893C879-F5AC-47A6-AC1A-AC2B5DCB7936}.Debug|x64.Build.0 = Debug|Any CPU
		{9893C879-F5AC-47A6-AC1A-AC2B5DCB7936}.Release|Any CPU.ActiveCfg = Release|Any CPU
		{9893C879-F5AC-47A6-AC1A-AC2B5DCB7936}.Release|Any CPU.Build.0 = Release|Any CPU
		{9893C879-F5AC-47A6-AC1A-AC2B5DCB7936}.Release|x64.ActiveCfg = Release|Any CPU
		{9893C879-F5AC-47A6-AC1A-AC2B5DCB7936}.Release|x64.Build.0 = Release|Any CPU
		{257303DC-905F-4826-A7E1-4BD24ABA41EB}.Debug|Any CPU.ActiveCfg = Debug|Any CPU
		{257303DC-905F-4826-A7E1-4BD24ABA41EB}.Debug|Any CPU.Build.0 = Debug|Any CPU
		{257303DC-905F-4826-A7E1-4BD24ABA41EB}.Debug|x64.ActiveCfg = Debug|x64
		{257303DC-905F-4826-A7E1-4BD24ABA41EB}.Debug|x64.Build.0 = Debug|x64
		{257303DC-905F-4826-A7E1-4BD24ABA41EB}.Release|Any CPU.ActiveCfg = Release|Any CPU
		{257303DC-905F-4826-A7E1-4BD24ABA41EB}.Release|Any CPU.Build.0 = Release|Any CPU
		{257303DC-905F-4826-A7E1-4BD24ABA41EB}.Release|x64.ActiveCfg = Release|x64
		{257303DC-905F-4826-A7E1-4BD24ABA41EB}.Release|x64.Build.0 = Release|x64
	EndGlobalSection
	GlobalSection(SolutionProperties) = preSolution
		HideSolutionNode = FALSE
	EndGlobalSection
	GlobalSection(ExtensibilityGlobals) = postSolution
		SolutionGuid = {6759A291-4CAF-42DA-86C0-11B1A7F26BAF}
	EndGlobalSection
EndGlobal
